// !$*UTF8*$!
{
	archiveVersion = 1;
	classes = {
	};
	objectVersion = 55;
	objects = {

/* Begin PBXBuildFile section */
		1A065EC3282A41CB00654F51 /* Movie.swift in Sources */ = {isa = PBXBuildFile; fileRef = 1A065EC2282A41CB00654F51 /* Movie.swift */; };
		1A49E1B7282F85AA00F35C07 /* FavouriteViewController.swift in Sources */ = {isa = PBXBuildFile; fileRef = 1A49E1B2282F85AA00F35C07 /* FavouriteViewController.swift */; };
		1A49E1B9282F85AA00F35C07 /* LogMovieViewController.swift in Sources */ = {isa = PBXBuildFile; fileRef = 1A49E1B4282F85AA00F35C07 /* LogMovieViewController.swift */; };
		1A49E1BA282F85AA00F35C07 /* SearchViewController.swift in Sources */ = {isa = PBXBuildFile; fileRef = 1A49E1B5282F85AA00F35C07 /* SearchViewController.swift */; };
		1A49E1BB282F85AA00F35C07 /* HomeViewController.swift in Sources */ = {isa = PBXBuildFile; fileRef = 1A49E1B6282F85AA00F35C07 /* HomeViewController.swift */; };
		1A49E1BD282F85B300F35C07 /* HomeTableViewCell.swift in Sources */ = {isa = PBXBuildFile; fileRef = 1A49E1BC282F85B300F35C07 /* HomeTableViewCell.swift */; };
		1AC7751D2821044A00FEF92A /* AppDelegate.swift in Sources */ = {isa = PBXBuildFile; fileRef = 1AC7751C2821044A00FEF92A /* AppDelegate.swift */; };
		1AC7751F2821044A00FEF92A /* SceneDelegate.swift in Sources */ = {isa = PBXBuildFile; fileRef = 1AC7751E2821044A00FEF92A /* SceneDelegate.swift */; };
		1AC775262821044B00FEF92A /* Assets.xcassets in Resources */ = {isa = PBXBuildFile; fileRef = 1AC775252821044B00FEF92A /* Assets.xcassets */; };
		1AC775292821044B00FEF92A /* LaunchScreen.storyboard in Resources */ = {isa = PBXBuildFile; fileRef = 1AC775272821044B00FEF92A /* LaunchScreen.storyboard */; };
		1AC775342821044C00FEF92A /* MovieLogTests.swift in Sources */ = {isa = PBXBuildFile; fileRef = 1AC775332821044C00FEF92A /* MovieLogTests.swift */; };
		1AC7753E2821044C00FEF92A /* MovieLogUITests.swift in Sources */ = {isa = PBXBuildFile; fileRef = 1AC7753D2821044C00FEF92A /* MovieLogUITests.swift */; };
		1AC775402821044C00FEF92A /* MovieLogUITestsLaunchTests.swift in Sources */ = {isa = PBXBuildFile; fileRef = 1AC7753F2821044C00FEF92A /* MovieLogUITestsLaunchTests.swift */; };
		1AC9A5EA2828C50300A1B35A /* IMDBConnector.swift in Sources */ = {isa = PBXBuildFile; fileRef = 1AC9A5E92828C50300A1B35A /* IMDBConnector.swift */; };
		DB7D69B62830A4150095766F /* seenMovieController.swift in Sources */ = {isa = PBXBuildFile; fileRef = DB7D69B52830A4140095766F /* seenMovieController.swift */; };
		DB7D69B82830A42D0095766F /* notSeenMovieController.swift in Sources */ = {isa = PBXBuildFile; fileRef = DB7D69B72830A42D0095766F /* notSeenMovieController.swift */; };
		DB7D69BA2830AF8C0095766F /* LogTableViewCell.swift in Sources */ = {isa = PBXBuildFile; fileRef = DB7D69B92830AF8C0095766F /* LogTableViewCell.swift */; };
		DB7D69BC2831045B0095766F /* Main.storyboard in Resources */ = {isa = PBXBuildFile; fileRef = DB7D69BB2831045B0095766F /* Main.storyboard */; };
		DB7D69BE2831E9540095766F /* editMovieController.swift in Sources */ = {isa = PBXBuildFile; fileRef = DB7D69BD2831E9540095766F /* editMovieController.swift */; };
		DB7D69C02831FCA50095766F /* watchlistController.swift in Sources */ = {isa = PBXBuildFile; fileRef = DB7D69BF2831FCA50095766F /* watchlistController.swift */; };
		DB7D69C22831FDC40095766F /* watchlistTableViewCell.swift in Sources */ = {isa = PBXBuildFile; fileRef = DB7D69C12831FDC40095766F /* watchlistTableViewCell.swift */; };
/* End PBXBuildFile section */

/* Begin PBXContainerItemProxy section */
		1AC775302821044C00FEF92A /* PBXContainerItemProxy */ = {
			isa = PBXContainerItemProxy;
			containerPortal = 1AC775112821044A00FEF92A /* Project object */;
			proxyType = 1;
			remoteGlobalIDString = 1AC775182821044A00FEF92A;
			remoteInfo = MovieLog;
		};
		1AC7753A2821044C00FEF92A /* PBXContainerItemProxy */ = {
			isa = PBXContainerItemProxy;
			containerPortal = 1AC775112821044A00FEF92A /* Project object */;
			proxyType = 1;
			remoteGlobalIDString = 1AC775182821044A00FEF92A;
			remoteInfo = MovieLog;
		};
/* End PBXContainerItemProxy section */

/* Begin PBXFileReference section */
		1A065EC2282A41CB00654F51 /* Movie.swift */ = {isa = PBXFileReference; lastKnownFileType = sourcecode.swift; path = Movie.swift; sourceTree = "<group>"; };
		1A49E1B2282F85AA00F35C07 /* FavouriteViewController.swift */ = {isa = PBXFileReference; fileEncoding = 4; lastKnownFileType = sourcecode.swift; path = FavouriteViewController.swift; sourceTree = "<group>"; };
		1A49E1B4282F85AA00F35C07 /* LogMovieViewController.swift */ = {isa = PBXFileReference; fileEncoding = 4; lastKnownFileType = sourcecode.swift; path = LogMovieViewController.swift; sourceTree = "<group>"; };
		1A49E1B5282F85AA00F35C07 /* SearchViewController.swift */ = {isa = PBXFileReference; fileEncoding = 4; lastKnownFileType = sourcecode.swift; path = SearchViewController.swift; sourceTree = "<group>"; };
		1A49E1B6282F85AA00F35C07 /* HomeViewController.swift */ = {isa = PBXFileReference; fileEncoding = 4; lastKnownFileType = sourcecode.swift; path = HomeViewController.swift; sourceTree = "<group>"; };
		1A49E1BC282F85B300F35C07 /* HomeTableViewCell.swift */ = {isa = PBXFileReference; lastKnownFileType = sourcecode.swift; path = HomeTableViewCell.swift; sourceTree = "<group>"; };
		1AC775192821044A00FEF92A /* MovieLog.app */ = {isa = PBXFileReference; explicitFileType = wrapper.application; includeInIndex = 0; path = MovieLog.app; sourceTree = BUILT_PRODUCTS_DIR; };
		1AC7751C2821044A00FEF92A /* AppDelegate.swift */ = {isa = PBXFileReference; lastKnownFileType = sourcecode.swift; path = AppDelegate.swift; sourceTree = "<group>"; };
		1AC7751E2821044A00FEF92A /* SceneDelegate.swift */ = {isa = PBXFileReference; lastKnownFileType = sourcecode.swift; path = SceneDelegate.swift; sourceTree = "<group>"; };
		1AC775252821044B00FEF92A /* Assets.xcassets */ = {isa = PBXFileReference; lastKnownFileType = folder.assetcatalog; path = Assets.xcassets; sourceTree = "<group>"; };
		1AC775282821044B00FEF92A /* Base */ = {isa = PBXFileReference; lastKnownFileType = file.storyboard; name = Base; path = Base.lproj/LaunchScreen.storyboard; sourceTree = "<group>"; };
		1AC7752A2821044B00FEF92A /* Info.plist */ = {isa = PBXFileReference; lastKnownFileType = text.plist.xml; path = Info.plist; sourceTree = "<group>"; };
		1AC7752F2821044C00FEF92A /* MovieLogTests.xctest */ = {isa = PBXFileReference; explicitFileType = wrapper.cfbundle; includeInIndex = 0; path = MovieLogTests.xctest; sourceTree = BUILT_PRODUCTS_DIR; };
		1AC775332821044C00FEF92A /* MovieLogTests.swift */ = {isa = PBXFileReference; lastKnownFileType = sourcecode.swift; path = MovieLogTests.swift; sourceTree = "<group>"; };
		1AC775392821044C00FEF92A /* MovieLogUITests.xctest */ = {isa = PBXFileReference; explicitFileType = wrapper.cfbundle; includeInIndex = 0; path = MovieLogUITests.xctest; sourceTree = BUILT_PRODUCTS_DIR; };
		1AC7753D2821044C00FEF92A /* MovieLogUITests.swift */ = {isa = PBXFileReference; lastKnownFileType = sourcecode.swift; path = MovieLogUITests.swift; sourceTree = "<group>"; };
		1AC7753F2821044C00FEF92A /* MovieLogUITestsLaunchTests.swift */ = {isa = PBXFileReference; lastKnownFileType = sourcecode.swift; path = MovieLogUITestsLaunchTests.swift; sourceTree = "<group>"; };
		1AC9A5E92828C50300A1B35A /* IMDBConnector.swift */ = {isa = PBXFileReference; lastKnownFileType = sourcecode.swift; path = IMDBConnector.swift; sourceTree = "<group>"; };
		DB7D69B52830A4140095766F /* seenMovieController.swift */ = {isa = PBXFileReference; lastKnownFileType = sourcecode.swift; path = seenMovieController.swift; sourceTree = "<group>"; };
		DB7D69B72830A42D0095766F /* notSeenMovieController.swift */ = {isa = PBXFileReference; lastKnownFileType = sourcecode.swift; path = notSeenMovieController.swift; sourceTree = "<group>"; };
		DB7D69B92830AF8C0095766F /* LogTableViewCell.swift */ = {isa = PBXFileReference; lastKnownFileType = sourcecode.swift; path = LogTableViewCell.swift; sourceTree = "<group>"; };
		DB7D69BB2831045B0095766F /* Main.storyboard */ = {isa = PBXFileReference; lastKnownFileType = file.storyboard; path = Main.storyboard; sourceTree = "<group>"; };
		DB7D69BD2831E9540095766F /* editMovieController.swift */ = {isa = PBXFileReference; lastKnownFileType = sourcecode.swift; path = editMovieController.swift; sourceTree = "<group>"; };
		DB7D69BF2831FCA50095766F /* watchlistController.swift */ = {isa = PBXFileReference; lastKnownFileType = sourcecode.swift; path = watchlistController.swift; sourceTree = "<group>"; };
		DB7D69C12831FDC40095766F /* watchlistTableViewCell.swift */ = {isa = PBXFileReference; lastKnownFileType = sourcecode.swift; path = watchlistTableViewCell.swift; sourceTree = "<group>"; };
/* End PBXFileReference section */

/* Begin PBXFrameworksBuildPhase section */
		1AC775162821044A00FEF92A /* Frameworks */ = {
			isa = PBXFrameworksBuildPhase;
			buildActionMask = 2147483647;
			files = (
			);
			runOnlyForDeploymentPostprocessing = 0;
		};
		1AC7752C2821044C00FEF92A /* Frameworks */ = {
			isa = PBXFrameworksBuildPhase;
			buildActionMask = 2147483647;
			files = (
			);
			runOnlyForDeploymentPostprocessing = 0;
		};
		1AC775362821044C00FEF92A /* Frameworks */ = {
			isa = PBXFrameworksBuildPhase;
			buildActionMask = 2147483647;
			files = (
			);
			runOnlyForDeploymentPostprocessing = 0;
		};
/* End PBXFrameworksBuildPhase section */

/* Begin PBXGroup section */
		1A065EC1282A41C000654F51 /* Model */ = {
			isa = PBXGroup;
			children = (
				1A065EC2282A41CB00654F51 /* Movie.swift */,
			);
			path = Model;
			sourceTree = "<group>";
		};
		1AC775102821044A00FEF92A = {
			isa = PBXGroup;
			children = (
				1AC7751B2821044A00FEF92A /* MovieLog */,
				1AC775322821044C00FEF92A /* MovieLogTests */,
				1AC7753C2821044C00FEF92A /* MovieLogUITests */,
				1AC7751A2821044A00FEF92A /* Products */,
			);
			sourceTree = "<group>";
		};
		1AC7751A2821044A00FEF92A /* Products */ = {
			isa = PBXGroup;
			children = (
				1AC775192821044A00FEF92A /* MovieLog.app */,
				1AC7752F2821044C00FEF92A /* MovieLogTests.xctest */,
				1AC775392821044C00FEF92A /* MovieLogUITests.xctest */,
			);
			name = Products;
			sourceTree = "<group>";
		};
		1AC7751B2821044A00FEF92A /* MovieLog */ = {
			isa = PBXGroup;
			children = (
				1A065EC1282A41C000654F51 /* Model */,
				1AC9A5E82828C4C300A1B35A /* Resources */,
				1AC9A5E72828C4BE00A1B35A /* API */,
				1AC9A5E62828C4B800A1B35A /* Utility */,
				1AC9A5E52828C49300A1B35A /* ViewController */,
				1AC7751C2821044A00FEF92A /* AppDelegate.swift */,
				1AC7751E2821044A00FEF92A /* SceneDelegate.swift */,
				1AC775252821044B00FEF92A /* Assets.xcassets */,
				DB7D69BB2831045B0095766F /* Main.storyboard */,
				1AC775272821044B00FEF92A /* LaunchScreen.storyboard */,
				1AC7752A2821044B00FEF92A /* Info.plist */,
			);
			path = MovieLog;
			sourceTree = "<group>";
		};
		1AC775322821044C00FEF92A /* MovieLogTests */ = {
			isa = PBXGroup;
			children = (
				1AC775332821044C00FEF92A /* MovieLogTests.swift */,
			);
			path = MovieLogTests;
			sourceTree = "<group>";
		};
		1AC7753C2821044C00FEF92A /* MovieLogUITests */ = {
			isa = PBXGroup;
			children = (
				1AC7753D2821044C00FEF92A /* MovieLogUITests.swift */,
				1AC7753F2821044C00FEF92A /* MovieLogUITestsLaunchTests.swift */,
			);
			path = MovieLogUITests;
			sourceTree = "<group>";
		};
		1AC9A5E52828C49300A1B35A /* ViewController */ = {
			isa = PBXGroup;
			children = (
				1A49E1BC282F85B300F35C07 /* HomeTableViewCell.swift */,
				1A49E1B2282F85AA00F35C07 /* FavouriteViewController.swift */,
				1A49E1B6282F85AA00F35C07 /* HomeViewController.swift */,
				1A49E1B4282F85AA00F35C07 /* LogMovieViewController.swift */,
				DB7D69B92830AF8C0095766F /* LogTableViewCell.swift */,
				1A49E1B5282F85AA00F35C07 /* SearchViewController.swift */,
				DB7D69B52830A4140095766F /* seenMovieController.swift */,
				DB7D69B72830A42D0095766F /* notSeenMovieController.swift */,
				DB7D69BD2831E9540095766F /* editMovieController.swift */,
				DB7D69BF2831FCA50095766F /* watchlistController.swift */,
				DB7D69C12831FDC40095766F /* watchlistTableViewCell.swift */,
			);
			path = ViewController;
			sourceTree = "<group>";
		};
		1AC9A5E62828C4B800A1B35A /* Utility */ = {
			isa = PBXGroup;
			children = (
			);
			path = Utility;
			sourceTree = "<group>";
		};
		1AC9A5E72828C4BE00A1B35A /* API */ = {
			isa = PBXGroup;
			children = (
				1AC9A5E92828C50300A1B35A /* IMDBConnector.swift */,
			);
			path = API;
			sourceTree = "<group>";
		};
		1AC9A5E82828C4C300A1B35A /* Resources */ = {
			isa = PBXGroup;
			children = (
			);
			path = Resources;
			sourceTree = "<group>";
		};
/* End PBXGroup section */

/* Begin PBXNativeTarget section */
		1AC775182821044A00FEF92A /* MovieLog */ = {
			isa = PBXNativeTarget;
			buildConfigurationList = 1AC775432821044C00FEF92A /* Build configuration list for PBXNativeTarget "MovieLog" */;
			buildPhases = (
				1AC775152821044A00FEF92A /* Sources */,
				1AC775162821044A00FEF92A /* Frameworks */,
				1AC775172821044A00FEF92A /* Resources */,
			);
			buildRules = (
			);
			dependencies = (
			);
			name = MovieLog;
			productName = MovieLog;
			productReference = 1AC775192821044A00FEF92A /* MovieLog.app */;
			productType = "com.apple.product-type.application";
		};
		1AC7752E2821044C00FEF92A /* MovieLogTests */ = {
			isa = PBXNativeTarget;
			buildConfigurationList = 1AC775462821044C00FEF92A /* Build configuration list for PBXNativeTarget "MovieLogTests" */;
			buildPhases = (
				1AC7752B2821044C00FEF92A /* Sources */,
				1AC7752C2821044C00FEF92A /* Frameworks */,
				1AC7752D2821044C00FEF92A /* Resources */,
			);
			buildRules = (
			);
			dependencies = (
				1AC775312821044C00FEF92A /* PBXTargetDependency */,
			);
			name = MovieLogTests;
			productName = MovieLogTests;
			productReference = 1AC7752F2821044C00FEF92A /* MovieLogTests.xctest */;
			productType = "com.apple.product-type.bundle.unit-test";
		};
		1AC775382821044C00FEF92A /* MovieLogUITests */ = {
			isa = PBXNativeTarget;
			buildConfigurationList = 1AC775492821044C00FEF92A /* Build configuration list for PBXNativeTarget "MovieLogUITests" */;
			buildPhases = (
				1AC775352821044C00FEF92A /* Sources */,
				1AC775362821044C00FEF92A /* Frameworks */,
				1AC775372821044C00FEF92A /* Resources */,
			);
			buildRules = (
			);
			dependencies = (
				1AC7753B2821044C00FEF92A /* PBXTargetDependency */,
			);
			name = MovieLogUITests;
			productName = MovieLogUITests;
			productReference = 1AC775392821044C00FEF92A /* MovieLogUITests.xctest */;
			productType = "com.apple.product-type.bundle.ui-testing";
		};
/* End PBXNativeTarget section */

/* Begin PBXProject section */
		1AC775112821044A00FEF92A /* Project object */ = {
			isa = PBXProject;
			attributes = {
				BuildIndependentTargetsInParallel = 1;
				LastSwiftUpdateCheck = 1320;
				LastUpgradeCheck = 1320;
				TargetAttributes = {
					1AC775182821044A00FEF92A = {
						CreatedOnToolsVersion = 13.2.1;
					};
					1AC7752E2821044C00FEF92A = {
						CreatedOnToolsVersion = 13.2.1;
						TestTargetID = 1AC775182821044A00FEF92A;
					};
					1AC775382821044C00FEF92A = {
						CreatedOnToolsVersion = 13.2.1;
						TestTargetID = 1AC775182821044A00FEF92A;
					};
				};
			};
			buildConfigurationList = 1AC775142821044A00FEF92A /* Build configuration list for PBXProject "MovieLog" */;
			compatibilityVersion = "Xcode 13.0";
			developmentRegion = en;
			hasScannedForEncodings = 0;
			knownRegions = (
				en,
				Base,
			);
			mainGroup = 1AC775102821044A00FEF92A;
			productRefGroup = 1AC7751A2821044A00FEF92A /* Products */;
			projectDirPath = "";
			projectRoot = "";
			targets = (
				1AC775182821044A00FEF92A /* MovieLog */,
				1AC7752E2821044C00FEF92A /* MovieLogTests */,
				1AC775382821044C00FEF92A /* MovieLogUITests */,
			);
		};
/* End PBXProject section */

/* Begin PBXResourcesBuildPhase section */
		1AC775172821044A00FEF92A /* Resources */ = {
			isa = PBXResourcesBuildPhase;
			buildActionMask = 2147483647;
			files = (
				DB7D69BC2831045B0095766F /* Main.storyboard in Resources */,
				1AC775292821044B00FEF92A /* LaunchScreen.storyboard in Resources */,
				1AC775262821044B00FEF92A /* Assets.xcassets in Resources */,
			);
			runOnlyForDeploymentPostprocessing = 0;
		};
		1AC7752D2821044C00FEF92A /* Resources */ = {
			isa = PBXResourcesBuildPhase;
			buildActionMask = 2147483647;
			files = (
			);
			runOnlyForDeploymentPostprocessing = 0;
		};
		1AC775372821044C00FEF92A /* Resources */ = {
			isa = PBXResourcesBuildPhase;
			buildActionMask = 2147483647;
			files = (
			);
			runOnlyForDeploymentPostprocessing = 0;
		};
/* End PBXResourcesBuildPhase section */

/* Begin PBXSourcesBuildPhase section */
		1AC775152821044A00FEF92A /* Sources */ = {
			isa = PBXSourcesBuildPhase;
			buildActionMask = 2147483647;
			files = (
				1A49E1B9282F85AA00F35C07 /* LogMovieViewController.swift in Sources */,
				1A49E1BA282F85AA00F35C07 /* SearchViewController.swift in Sources */,
				DB7D69BE2831E9540095766F /* editMovieController.swift in Sources */,
				1AC9A5EA2828C50300A1B35A /* IMDBConnector.swift in Sources */,
				DB7D69B82830A42D0095766F /* notSeenMovieController.swift in Sources */,
				DB7D69C02831FCA50095766F /* watchlistController.swift in Sources */,
				1A49E1BB282F85AA00F35C07 /* HomeViewController.swift in Sources */,
				1AC7751D2821044A00FEF92A /* AppDelegate.swift in Sources */,
				DB7D69BA2830AF8C0095766F /* LogTableViewCell.swift in Sources */,
				1AC7751F2821044A00FEF92A /* SceneDelegate.swift in Sources */,
				1A49E1BD282F85B300F35C07 /* HomeTableViewCell.swift in Sources */,
				DB7D69C22831FDC40095766F /* watchlistTableViewCell.swift in Sources */,
				1A49E1B7282F85AA00F35C07 /* FavouriteViewController.swift in Sources */,
				DB7D69B62830A4150095766F /* seenMovieController.swift in Sources */,
				1A065EC3282A41CB00654F51 /* Movie.swift in Sources */,
			);
			runOnlyForDeploymentPostprocessing = 0;
		};
		1AC7752B2821044C00FEF92A /* Sources */ = {
			isa = PBXSourcesBuildPhase;
			buildActionMask = 2147483647;
			files = (
				1AC775342821044C00FEF92A /* MovieLogTests.swift in Sources */,
			);
			runOnlyForDeploymentPostprocessing = 0;
		};
		1AC775352821044C00FEF92A /* Sources */ = {
			isa = PBXSourcesBuildPhase;
			buildActionMask = 2147483647;
			files = (
				1AC775402821044C00FEF92A /* MovieLogUITestsLaunchTests.swift in Sources */,
				1AC7753E2821044C00FEF92A /* MovieLogUITests.swift in Sources */,
			);
			runOnlyForDeploymentPostprocessing = 0;
		};
/* End PBXSourcesBuildPhase section */

/* Begin PBXTargetDependency section */
		1AC775312821044C00FEF92A /* PBXTargetDependency */ = {
			isa = PBXTargetDependency;
			target = 1AC775182821044A00FEF92A /* MovieLog */;
			targetProxy = 1AC775302821044C00FEF92A /* PBXContainerItemProxy */;
		};
		1AC7753B2821044C00FEF92A /* PBXTargetDependency */ = {
			isa = PBXTargetDependency;
			target = 1AC775182821044A00FEF92A /* MovieLog */;
			targetProxy = 1AC7753A2821044C00FEF92A /* PBXContainerItemProxy */;
		};
/* End PBXTargetDependency section */

/* Begin PBXVariantGroup section */
		1AC775272821044B00FEF92A /* LaunchScreen.storyboard */ = {
			isa = PBXVariantGroup;
			children = (
				1AC775282821044B00FEF92A /* Base */,
			);
			name = LaunchScreen.storyboard;
			sourceTree = "<group>";
		};
/* End PBXVariantGroup section */

/* Begin XCBuildConfiguration section */
		1AC775412821044C00FEF92A /* Debug */ = {
			isa = XCBuildConfiguration;
			buildSettings = {
				ALWAYS_SEARCH_USER_PATHS = NO;
				CLANG_ANALYZER_NONNULL = YES;
				CLANG_ANALYZER_NUMBER_OBJECT_CONVERSION = YES_AGGRESSIVE;
				CLANG_CXX_LANGUAGE_STANDARD = "gnu++17";
				CLANG_CXX_LIBRARY = "libc++";
				CLANG_ENABLE_MODULES = YES;
				CLANG_ENABLE_OBJC_ARC = YES;
				CLANG_ENABLE_OBJC_WEAK = YES;
				CLANG_WARN_BLOCK_CAPTURE_AUTORELEASING = YES;
				CLANG_WARN_BOOL_CONVERSION = YES;
				CLANG_WARN_COMMA = YES;
				CLANG_WARN_CONSTANT_CONVERSION = YES;
				CLANG_WARN_DEPRECATED_OBJC_IMPLEMENTATIONS = YES;
				CLANG_WARN_DIRECT_OBJC_ISA_USAGE = YES_ERROR;
				CLANG_WARN_DOCUMENTATION_COMMENTS = YES;
				CLANG_WARN_EMPTY_BODY = YES;
				CLANG_WARN_ENUM_CONVERSION = YES;
				CLANG_WARN_INFINITE_RECURSION = YES;
				CLANG_WARN_INT_CONVERSION = YES;
				CLANG_WARN_NON_LITERAL_NULL_CONVERSION = YES;
				CLANG_WARN_OBJC_IMPLICIT_RETAIN_SELF = YES;
				CLANG_WARN_OBJC_LITERAL_CONVERSION = YES;
				CLANG_WARN_OBJC_ROOT_CLASS = YES_ERROR;
				CLANG_WARN_QUOTED_INCLUDE_IN_FRAMEWORK_HEADER = YES;
				CLANG_WARN_RANGE_LOOP_ANALYSIS = YES;
				CLANG_WARN_STRICT_PROTOTYPES = YES;
				CLANG_WARN_SUSPICIOUS_MOVE = YES;
				CLANG_WARN_UNGUARDED_AVAILABILITY = YES_AGGRESSIVE;
				CLANG_WARN_UNREACHABLE_CODE = YES;
				CLANG_WARN__DUPLICATE_METHOD_MATCH = YES;
				COPY_PHASE_STRIP = NO;
				DEBUG_INFORMATION_FORMAT = dwarf;
				ENABLE_STRICT_OBJC_MSGSEND = YES;
				ENABLE_TESTABILITY = YES;
				GCC_C_LANGUAGE_STANDARD = gnu11;
				GCC_DYNAMIC_NO_PIC = NO;
				GCC_NO_COMMON_BLOCKS = YES;
				GCC_OPTIMIZATION_LEVEL = 0;
				GCC_PREPROCESSOR_DEFINITIONS = (
					"DEBUG=1",
					"$(inherited)",
				);
				GCC_WARN_64_TO_32_BIT_CONVERSION = YES;
				GCC_WARN_ABOUT_RETURN_TYPE = YES_ERROR;
				GCC_WARN_UNDECLARED_SELECTOR = YES;
				GCC_WARN_UNINITIALIZED_AUTOS = YES_AGGRESSIVE;
				GCC_WARN_UNUSED_FUNCTION = YES;
				GCC_WARN_UNUSED_VARIABLE = YES;
				IPHONEOS_DEPLOYMENT_TARGET = 15.2;
				MTL_ENABLE_DEBUG_INFO = INCLUDE_SOURCE;
				MTL_FAST_MATH = YES;
				ONLY_ACTIVE_ARCH = YES;
				SDKROOT = iphoneos;
				SWIFT_ACTIVE_COMPILATION_CONDITIONS = DEBUG;
				SWIFT_OPTIMIZATION_LEVEL = "-Onone";
			};
			name = Debug;
		};
		1AC775422821044C00FEF92A /* Release */ = {
			isa = XCBuildConfiguration;
			buildSettings = {
				ALWAYS_SEARCH_USER_PATHS = NO;
				CLANG_ANALYZER_NONNULL = YES;
				CLANG_ANALYZER_NUMBER_OBJECT_CONVERSION = YES_AGGRESSIVE;
				CLANG_CXX_LANGUAGE_STANDARD = "gnu++17";
				CLANG_CXX_LIBRARY = "libc++";
				CLANG_ENABLE_MODULES = YES;
				CLANG_ENABLE_OBJC_ARC = YES;
				CLANG_ENABLE_OBJC_WEAK = YES;
				CLANG_WARN_BLOCK_CAPTURE_AUTORELEASING = YES;
				CLANG_WARN_BOOL_CONVERSION = YES;
				CLANG_WARN_COMMA = YES;
				CLANG_WARN_CONSTANT_CONVERSION = YES;
				CLANG_WARN_DEPRECATED_OBJC_IMPLEMENTATIONS = YES;
				CLANG_WARN_DIRECT_OBJC_ISA_USAGE = YES_ERROR;
				CLANG_WARN_DOCUMENTATION_COMMENTS = YES;
				CLANG_WARN_EMPTY_BODY = YES;
				CLANG_WARN_ENUM_CONVERSION = YES;
				CLANG_WARN_INFINITE_RECURSION = YES;
				CLANG_WARN_INT_CONVERSION = YES;
				CLANG_WARN_NON_LITERAL_NULL_CONVERSION = YES;
				CLANG_WARN_OBJC_IMPLICIT_RETAIN_SELF = YES;
				CLANG_WARN_OBJC_LITERAL_CONVERSION = YES;
				CLANG_WARN_OBJC_ROOT_CLASS = YES_ERROR;
				CLANG_WARN_QUOTED_INCLUDE_IN_FRAMEWORK_HEADER = YES;
				CLANG_WARN_RANGE_LOOP_ANALYSIS = YES;
				CLANG_WARN_STRICT_PROTOTYPES = YES;
				CLANG_WARN_SUSPICIOUS_MOVE = YES;
				CLANG_WARN_UNGUARDED_AVAILABILITY = YES_AGGRESSIVE;
				CLANG_WARN_UNREACHABLE_CODE = YES;
				CLANG_WARN__DUPLICATE_METHOD_MATCH = YES;
				COPY_PHASE_STRIP = NO;
				DEBUG_INFORMATION_FORMAT = "dwarf-with-dsym";
				ENABLE_NS_ASSERTIONS = NO;
				ENABLE_STRICT_OBJC_MSGSEND = YES;
				GCC_C_LANGUAGE_STANDARD = gnu11;
				GCC_NO_COMMON_BLOCKS = YES;
				GCC_WARN_64_TO_32_BIT_CONVERSION = YES;
				GCC_WARN_ABOUT_RETURN_TYPE = YES_ERROR;
				GCC_WARN_UNDECLARED_SELECTOR = YES;
				GCC_WARN_UNINITIALIZED_AUTOS = YES_AGGRESSIVE;
				GCC_WARN_UNUSED_FUNCTION = YES;
				GCC_WARN_UNUSED_VARIABLE = YES;
				IPHONEOS_DEPLOYMENT_TARGET = 15.2;
				MTL_ENABLE_DEBUG_INFO = NO;
				MTL_FAST_MATH = YES;
				SDKROOT = iphoneos;
				SWIFT_COMPILATION_MODE = wholemodule;
				SWIFT_OPTIMIZATION_LEVEL = "-O";
				VALIDATE_PRODUCT = YES;
			};
			name = Release;
		};
		1AC775442821044C00FEF92A /* Debug */ = {
			isa = XCBuildConfiguration;
			buildSettings = {
				ASSETCATALOG_COMPILER_APPICON_NAME = AppIcon;
				ASSETCATALOG_COMPILER_GLOBAL_ACCENT_COLOR_NAME = AccentColor;
				CODE_SIGN_STYLE = Automatic;
				CURRENT_PROJECT_VERSION = 1;
				GENERATE_INFOPLIST_FILE = YES;
				INFOPLIST_FILE = MovieLog/Info.plist;
				INFOPLIST_KEY_UIApplicationSupportsIndirectInputEvents = YES;
				INFOPLIST_KEY_UILaunchStoryboardName = LaunchScreen;
				INFOPLIST_KEY_UIMainStoryboardFile = Main;
				INFOPLIST_KEY_UISupportedInterfaceOrientations_iPad = "UIInterfaceOrientationPortrait UIInterfaceOrientationPortraitUpsideDown UIInterfaceOrientationLandscapeLeft UIInterfaceOrientationLandscapeRight";
				INFOPLIST_KEY_UISupportedInterfaceOrientations_iPhone = "UIInterfaceOrientationPortrait UIInterfaceOrientationLandscapeLeft UIInterfaceOrientationLandscapeRight";
				LD_RUNPATH_SEARCH_PATHS = (
					"$(inherited)",
					"@executable_path/Frameworks",
				);
				MARKETING_VERSION = 1.0;
				PRODUCT_BUNDLE_IDENTIFIER = beans.ios.uts.MovieLog;
				PRODUCT_NAME = "$(TARGET_NAME)";
				SWIFT_EMIT_LOC_STRINGS = YES;
				SWIFT_VERSION = 5.0;
				TARGETED_DEVICE_FAMILY = "1,2";
			};
			name = Debug;
		};
		1AC775452821044C00FEF92A /* Release */ = {
			isa = XCBuildConfiguration;
			buildSettings = {
				ASSETCATALOG_COMPILER_APPICON_NAME = AppIcon;
				ASSETCATALOG_COMPILER_GLOBAL_ACCENT_COLOR_NAME = AccentColor;
				CODE_SIGN_STYLE = Automatic;
				CURRENT_PROJECT_VERSION = 1;
				GENERATE_INFOPLIST_FILE = YES;
				INFOPLIST_FILE = MovieLog/Info.plist;
				INFOPLIST_KEY_UIApplicationSupportsIndirectInputEvents = YES;
				INFOPLIST_KEY_UILaunchStoryboardName = LaunchScreen;
				INFOPLIST_KEY_UIMainStoryboardFile = Main;
				INFOPLIST_KEY_UISupportedInterfaceOrientations_iPad = "UIInterfaceOrientationPortrait UIInterfaceOrientationPortraitUpsideDown UIInterfaceOrientationLandscapeLeft UIInterfaceOrientationLandscapeRight";
				INFOPLIST_KEY_UISupportedInterfaceOrientations_iPhone = "UIInterfaceOrientationPortrait UIInterfaceOrientationLandscapeLeft UIInterfaceOrientationLandscapeRight";
				LD_RUNPATH_SEARCH_PATHS = (
					"$(inherited)",
					"@executable_path/Frameworks",
				);
				MARKETING_VERSION = 1.0;
				PRODUCT_BUNDLE_IDENTIFIER = beans.ios.uts.MovieLog;
				PRODUCT_NAME = "$(TARGET_NAME)";
				SWIFT_EMIT_LOC_STRINGS = YES;
				SWIFT_VERSION = 5.0;
				TARGETED_DEVICE_FAMILY = "1,2";
			};
			name = Release;
		};
		1AC775472821044C00FEF92A /* Debug */ = {
			isa = XCBuildConfiguration;
			buildSettings = {
				ALWAYS_EMBED_SWIFT_STANDARD_LIBRARIES = YES;
				BUNDLE_LOADER = "$(TEST_HOST)";
				CODE_SIGN_STYLE = Automatic;
				CURRENT_PROJECT_VERSION = 1;
				GENERATE_INFOPLIST_FILE = YES;
				IPHONEOS_DEPLOYMENT_TARGET = 15.2;
				MARKETING_VERSION = 1.0;
				PRODUCT_BUNDLE_IDENTIFIER = beans.ios.uts.MovieLogTests;
				PRODUCT_NAME = "$(TARGET_NAME)";
				SWIFT_EMIT_LOC_STRINGS = NO;
				SWIFT_VERSION = 5.0;
				TARGETED_DEVICE_FAMILY = "1,2";
				TEST_HOST = "$(BUILT_PRODUCTS_DIR)/MovieLog.app/MovieLog";
			};
			name = Debug;
		};
		1AC775482821044C00FEF92A /* Release */ = {
			isa = XCBuildConfiguration;
			buildSettings = {
				ALWAYS_EMBED_SWIFT_STANDARD_LIBRARIES = YES;
				BUNDLE_LOADER = "$(TEST_HOST)";
				CODE_SIGN_STYLE = Automatic;
				CURRENT_PROJECT_VERSION = 1;
				GENERATE_INFOPLIST_FILE = YES;
				IPHONEOS_DEPLOYMENT_TARGET = 15.2;
				MARKETING_VERSION = 1.0;
				PRODUCT_BUNDLE_IDENTIFIER = beans.ios.uts.MovieLogTests;
				PRODUCT_NAME = "$(TARGET_NAME)";
				SWIFT_EMIT_LOC_STRINGS = NO;
				SWIFT_VERSION = 5.0;
				TARGETED_DEVICE_FAMILY = "1,2";
				TEST_HOST = "$(BUILT_PRODUCTS_DIR)/MovieLog.app/MovieLog";
			};
			name = Release;
		};
		1AC7754A2821044C00FEF92A /* Debug */ = {
			isa = XCBuildConfiguration;
			buildSettings = {
				ALWAYS_EMBED_SWIFT_STANDARD_LIBRARIES = YES;
				CODE_SIGN_STYLE = Automatic;
				CURRENT_PROJECT_VERSION = 1;
				GENERATE_INFOPLIST_FILE = YES;
				MARKETING_VERSION = 1.0;
				PRODUCT_BUNDLE_IDENTIFIER = beans.ios.uts.MovieLogUITests;
				PRODUCT_NAME = "$(TARGET_NAME)";
				SWIFT_EMIT_LOC_STRINGS = NO;
				SWIFT_VERSION = 5.0;
				TARGETED_DEVICE_FAMILY = "1,2";
				TEST_TARGET_NAME = MovieLog;
			};
			name = Debug;
		};
		1AC7754B2821044C00FEF92A /* Release */ = {
			isa = XCBuildConfiguration;
			buildSettings = {
				ALWAYS_EMBED_SWIFT_STANDARD_LIBRARIES = YES;
				CODE_SIGN_STYLE = Automatic;
				CURRENT_PROJECT_VERSION = 1;
				GENERATE_INFOPLIST_FILE = YES;
				MARKETING_VERSION = 1.0;
				PRODUCT_BUNDLE_IDENTIFIER = beans.ios.uts.MovieLogUITests;
				PRODUCT_NAME = "$(TARGET_NAME)";
				SWIFT_EMIT_LOC_STRINGS = NO;
				SWIFT_VERSION = 5.0;
				TARGETED_DEVICE_FAMILY = "1,2";
				TEST_TARGET_NAME = MovieLog;
			};
			name = Release;
		};
/* End XCBuildConfiguration section */

/* Begin XCConfigurationList section */
		1AC775142821044A00FEF92A /* Build configuration list for PBXProject "MovieLog" */ = {
			isa = XCConfigurationList;
			buildConfigurations = (
				1AC775412821044C00FEF92A /* Debug */,
				1AC775422821044C00FEF92A /* Release */,
			);
			defaultConfigurationIsVisible = 0;
			defaultConfigurationName = Release;
		};
		1AC775432821044C00FEF92A /* Build configuration list for PBXNativeTarget "MovieLog" */ = {
			isa = XCConfigurationList;
			buildConfigurations = (
				1AC775442821044C00FEF92A /* Debug */,
				1AC775452821044C00FEF92A /* Release */,
			);
			defaultConfigurationIsVisible = 0;
			defaultConfigurationName = Release;
		};
		1AC775462821044C00FEF92A /* Build configuration list for PBXNativeTarget "MovieLogTests" */ = {
			isa = XCConfigurationList;
			buildConfigurations = (
				1AC775472821044C00FEF92A /* Debug */,
				1AC775482821044C00FEF92A /* Release */,
			);
			defaultConfigurationIsVisible = 0;
			defaultConfigurationName = Release;
		};
		1AC775492821044C00FEF92A /* Build configuration list for PBXNativeTarget "MovieLogUITests" */ = {
			isa = XCConfigurationList;
			buildConfigurations = (
				1AC7754A2821044C00FEF92A /* Debug */,
				1AC7754B2821044C00FEF92A /* Release */,
			);
			defaultConfigurationIsVisible = 0;
			defaultConfigurationName = Release;
		};
/* End XCConfigurationList section */
	};
	rootObject = 1AC775112821044A00FEF92A /* Project object */;
}
